
Microsoft Visual Studio Solution File, Format Version 12.00
# Visual Studio 14
VisualStudioVersion = 14.0.25420.1
MinimumVisualStudioVersion = 10.0.40219.1
Project("{FAE04EC0-301F-11D3-BF4B-00C04F79EFBC}") = "ShipmentsApi", "ShipmentsApi\ShipmentsApi.csproj", "{24590810-D318-4EF0-815F-873F9277D92B}"
EndProject
Project("{E24C65DC-7377-472B-9ABA-BC803B73C61A}") = "ShipmentsWeb", "ShipmentsWeb\", "{30B3D80E-AC49-4404-8DDC-9E0D936A29B7}"
	ProjectSection(WebsiteProperties) = preProject
		TargetFrameworkMoniker = ".NETFramework,Version%3Dv4.0"
		Debug.AspNetCompiler.VirtualPath = "/localhost_62111"
		Debug.AspNetCompiler.PhysicalPath = "ShipmentsWeb\"
		Debug.AspNetCompiler.TargetPath = "PrecompiledWeb\localhost_62111\"
		Debug.AspNetCompiler.Updateable = "true"
		Debug.AspNetCompiler.ForceOverwrite = "true"
		Debug.AspNetCompiler.FixedNames = "false"
		Debug.AspNetCompiler.Debug = "True"
		Release.AspNetCompiler.VirtualPath = "/localhost_62111"
		Release.AspNetCompiler.PhysicalPath = "ShipmentsWeb\"
		Release.AspNetCompiler.TargetPath = "PrecompiledWeb\localhost_62111\"
		Release.AspNetCompiler.Updateable = "true"
		Release.AspNetCompiler.ForceOverwrite = "true"
		Release.AspNetCompiler.FixedNames = "false"
		Release.AspNetCompiler.Debug = "False"
		VWDPort = "62111"
		SlnRelativePath = "ShipmentsWeb\"
	EndProjectSection
EndProject
Global
	GlobalSection(SolutionConfigurationPlatforms) = preSolution
		Debug|Any CPU = Debug|Any CPU
		Release|Any CPU = Release|Any CPU
	EndGlobalSection
	GlobalSection(ProjectConfigurationPlatforms) = postSolution
		{24590810-D318-4EF0-815F-873F9277D92B}.Debug|Any CPU.ActiveCfg = Debug|Any CPU
		{24590810-D318-4EF0-815F-873F9277D92B}.Debug|Any CPU.Build.0 = Debug|Any CPU
		{24590810-D318-4EF0-815F-873F9277D92B}.Release|Any CPU.ActiveCfg = Release|Any CPU
		{24590810-D318-4EF0-815F-873F9277D92B}.Release|Any CPU.Build.0 = Release|Any CPU
		{30B3D80E-AC49-4404-8DDC-9E0D936A29B7}.Debug|Any CPU.ActiveCfg = Debug|Any CPU
		{30B3D80E-AC49-4404-8DDC-9E0D936A29B7}.Debug|Any CPU.Build.0 = Debug|Any CPU
		{30B3D80E-AC49-4404-8DDC-9E0D936A29B7}.Release|Any CPU.ActiveCfg = Debug|Any CPU
		{30B3D80E-AC49-4404-8DDC-9E0D936A29B7}.Release|Any CPU.Build.0 = Debug|Any CPU
	EndGlobalSection
	GlobalSection(SolutionProperties) = preSolution
		HideSolutionNode = FALSE
	EndGlobalSection
EndGlobal
